
Microsoft Visual Studio Solution File, Format Version 12.00
# Visual Studio Version 17
VisualStudioVersion = 17.4.33213.308
MinimumVisualStudioVersion = 10.0.40219.1
Project("{FAE04EC0-301F-11D3-BF4B-00C04F79EFBC}") = "restaurant-facturation-software", "restaurant-facturation-software.csproj", "{79C3C31E-2540-499D-A731-47000683F1C9}"
EndProject
Global
	GlobalSection(SolutionConfigurationPlatforms) = preSolution
		Debug|Any CPU = Debug|Any CPU
		Release|Any CPU = Release|Any CPU
	EndGlobalSection
	GlobalSection(ProjectConfigurationPlatforms) = postSolution
		{79C3C31E-2540-499D-A731-47000683F1C9}.Debug|Any CPU.ActiveCfg = Debug|Any CPU
		{79C3C31E-2540-499D-A731-47000683F1C9}.Debug|Any CPU.Build.0 = Debug|Any CPU
		{79C3C31E-2540-499D-A731-47000683F1C9}.Release|Any CPU.ActiveCfg = Release|Any CPU
		{79C3C31E-2540-499D-A731-47000683F1C9}.Release|Any CPU.Build.0 = Release|Any CPU
	EndGlobalSection
	GlobalSection(SolutionProperties) = preSolution
		HideSolutionNode = FALSE
	EndGlobalSection
	GlobalSection(ExtensibilityGlobals) = postSolution
		SolutionGuid = {68A6D35D-08FA-4535-BC8E-E13E1B4AE4EF}
	EndGlobalSection
EndGlobal
